// !$*UTF8*$!
{
	archiveVersion = 1;
	classes = {
	};
	objectVersion = 46;
	objects = {

/* Begin PBXBuildFile section */
		3F8F21801CEB759A00B20E29 /* AppDelegate.swift in Sources */ = {isa = PBXBuildFile; fileRef = 3F8F217F1CEB759A00B20E29 /* AppDelegate.swift */; };
		3F8F21821CEB759A00B20E29 /* ViewController.swift in Sources */ = {isa = PBXBuildFile; fileRef = 3F8F21811CEB759A00B20E29 /* ViewController.swift */; };
		3F8F21851CEB759A00B20E29 /* Main.storyboard in Resources */ = {isa = PBXBuildFile; fileRef = 3F8F21831CEB759A00B20E29 /* Main.storyboard */; };
		3F8F21871CEB759A00B20E29 /* Assets.xcassets in Resources */ = {isa = PBXBuildFile; fileRef = 3F8F21861CEB759A00B20E29 /* Assets.xcassets */; };
		3F8F218A1CEB759A00B20E29 /* LaunchScreen.storyboard in Resources */ = {isa = PBXBuildFile; fileRef = 3F8F21881CEB759A00B20E29 /* LaunchScreen.storyboard */; };
		3F8F21951CEB759A00B20E29 /* College_Profile_BuilderTests.swift in Sources */ = {isa = PBXBuildFile; fileRef = 3F8F21941CEB759A00B20E29 /* College_Profile_BuilderTests.swift */; };
		3F8F21A01CEB759A00B20E29 /* College_Profile_BuilderUITests.swift in Sources */ = {isa = PBXBuildFile; fileRef = 3F8F219F1CEB759A00B20E29 /* College_Profile_BuilderUITests.swift */; };
/* End PBXBuildFile section */

/* Begin PBXContainerItemProxy section */
		3F8F21911CEB759A00B20E29 /* PBXContainerItemProxy */ = {
			isa = PBXContainerItemProxy;
			containerPortal = 3F8F21741CEB759A00B20E29 /* Project object */;
			proxyType = 1;
			remoteGlobalIDString = 3F8F217B1CEB759A00B20E29;
			remoteInfo = "College Profile Builder";
		};
		3F8F219C1CEB759A00B20E29 /* PBXContainerItemProxy */ = {
			isa = PBXContainerItemProxy;
			containerPortal = 3F8F21741CEB759A00B20E29 /* Project object */;
			proxyType = 1;
			remoteGlobalIDString = 3F8F217B1CEB759A00B20E29;
			remoteInfo = "College Profile Builder";
		};
/* End PBXContainerItemProxy section */

/* Begin PBXFileReference section */
		3F8F217C1CEB759A00B20E29 /* College Profile Builder.app */ = {isa = PBXFileReference; explicitFileType = wrapper.application; includeInIndex = 0; path = "College Profile Builder.app"; sourceTree = BUILT_PRODUCTS_DIR; };
		3F8F217F1CEB759A00B20E29 /* AppDelegate.swift */ = {isa = PBXFileReference; lastKnownFileType = sourcecode.swift; path = AppDelegate.swift; sourceTree = "<group>"; };
		3F8F21811CEB759A00B20E29 /* ViewController.swift */ = {isa = PBXFileReference; lastKnownFileType = sourcecode.swift; path = ViewController.swift; sourceTree = "<group>"; };
		3F8F21841CEB759A00B20E29 /* Base */ = {isa = PBXFileReference; lastKnownFileType = file.storyboard; name = Base; path = Base.lproj/Main.storyboard; sourceTree = "<group>"; };
		3F8F21861CEB759A00B20E29 /* Assets.xcassets */ = {isa = PBXFileReference; lastKnownFileType = folder.assetcatalog; path = Assets.xcassets; sourceTree = "<group>"; };
		3F8F21891CEB759A00B20E29 /* Base */ = {isa = PBXFileReference; lastKnownFileType = file.storyboard; name = Base; path = Base.lproj/LaunchScreen.storyboard; sourceTree = "<group>"; };
		3F8F218B1CEB759A00B20E29 /* Info.plist */ = {isa = PBXFileReference; lastKnownFileType = text.plist.xml; path = Info.plist; sourceTree = "<group>"; };
		3F8F21901CEB759A00B20E29 /* College Profile BuilderTests.xctest */ = {isa = PBXFileReference; explicitFileType = wrapper.cfbundle; includeInIndex = 0; path = "College Profile BuilderTests.xctest"; sourceTree = BUILT_PRODUCTS_DIR; };
		3F8F21941CEB759A00B20E29 /* College_Profile_BuilderTests.swift */ = {isa = PBXFileReference; lastKnownFileType = sourcecode.swift; path = College_Profile_BuilderTests.swift; sourceTree = "<group>"; };
		3F8F21961CEB759A00B20E29 /* Info.plist */ = {isa = PBXFileReference; lastKnownFileType = text.plist.xml; path = Info.plist; sourceTree = "<group>"; };
		3F8F219B1CEB759A00B20E29 /* College Profile BuilderUITests.xctest */ = {isa = PBXFileReference; explicitFileType = wrapper.cfbundle; includeInIndex = 0; path = "College Profile BuilderUITests.xctest"; sourceTree = BUILT_PRODUCTS_DIR; };
		3F8F219F1CEB759A00B20E29 /* College_Profile_BuilderUITests.swift */ = {isa = PBXFileReference; lastKnownFileType = sourcecode.swift; path = College_Profile_BuilderUITests.swift; sourceTree = "<group>"; };
		3F8F21A11CEB759A00B20E29 /* Info.plist */ = {isa = PBXFileReference; lastKnownFileType = text.plist.xml; path = Info.plist; sourceTree = "<group>"; };
/* End PBXFileReference section */

/* Begin PBXFrameworksBuildPhase section */
		3F8F21791CEB759A00B20E29 /* Frameworks */ = {
			isa = PBXFrameworksBuildPhase;
			buildActionMask = 2147483647;
			files = (
			);
			runOnlyForDeploymentPostprocessing = 0;
		};
		3F8F218D1CEB759A00B20E29 /* Frameworks */ = {
			isa = PBXFrameworksBuildPhase;
			buildActionMask = 2147483647;
			files = (
			);
			runOnlyForDeploymentPostprocessing = 0;
		};
		3F8F21981CEB759A00B20E29 /* Frameworks */ = {
			isa = PBXFrameworksBuildPhase;
			buildActionMask = 2147483647;
			files = (
			);
			runOnlyForDeploymentPostprocessing = 0;
		};
/* End PBXFrameworksBuildPhase section */

/* Begin PBXGroup section */
		3F8F21731CEB759A00B20E29 = {
			isa = PBXGroup;
			children = (
				3F8F217E1CEB759A00B20E29 /* College Profile Builder */,
				3F8F21931CEB759A00B20E29 /* College Profile BuilderTests */,
				3F8F219E1CEB759A00B20E29 /* College Profile BuilderUITests */,
				3F8F217D1CEB759A00B20E29 /* Products */,
			);
			sourceTree = "<group>";
		};
		3F8F217D1CEB759A00B20E29 /* Products */ = {
			isa = PBXGroup;
			children = (
				3F8F217C1CEB759A00B20E29 /* College Profile Builder.app */,
				3F8F21901CEB759A00B20E29 /* College Profile BuilderTests.xctest */,
				3F8F219B1CEB759A00B20E29 /* College Profile BuilderUITests.xctest */,
			);
			name = Products;
			sourceTree = "<group>";
		};
		3F8F217E1CEB759A00B20E29 /* College Profile Builder */ = {
			isa = PBXGroup;
			children = (
				3F8F217F1CEB759A00B20E29 /* AppDelegate.swift */,
				3F8F21811CEB759A00B20E29 /* ViewController.swift */,
				3F8F21831CEB759A00B20E29 /* Main.storyboard */,
				3F8F21861CEB759A00B20E29 /* Assets.xcassets */,
				3F8F21881CEB759A00B20E29 /* LaunchScreen.storyboard */,
				3F8F218B1CEB759A00B20E29 /* Info.plist */,
			);
			path = "College Profile Builder";
			sourceTree = "<group>";
		};
		3F8F21931CEB759A00B20E29 /* College Profile BuilderTests */ = {
			isa = PBXGroup;
			children = (
				3F8F21941CEB759A00B20E29 /* College_Profile_BuilderTests.swift */,
				3F8F21961CEB759A00B20E29 /* Info.plist */,
			);
			path = "College Profile BuilderTests";
			sourceTree = "<group>";
		};
		3F8F219E1CEB759A00B20E29 /* College Profile BuilderUITests */ = {
			isa = PBXGroup;
			children = (
				3F8F219F1CEB759A00B20E29 /* College_Profile_BuilderUITests.swift */,
				3F8F21A11CEB759A00B20E29 /* Info.plist */,
			);
			path = "College Profile BuilderUITests";
			sourceTree = "<group>";
		};
/* End PBXGroup section */

/* Begin PBXNativeTarget section */
		3F8F217B1CEB759A00B20E29 /* College Profile Builder */ = {
			isa = PBXNativeTarget;
			buildConfigurationList = 3F8F21A41CEB759A00B20E29 /* Build configuration list for PBXNativeTarget "College Profile Builder" */;
			buildPhases = (
				3F8F21781CEB759A00B20E29 /* Sources */,
				3F8F21791CEB759A00B20E29 /* Frameworks */,
				3F8F217A1CEB759A00B20E29 /* Resources */,
			);
			buildRules = (
			);
			dependencies = (
			);
			name = "College Profile Builder";
			productName = "College Profile Builder";
			productReference = 3F8F217C1CEB759A00B20E29 /* College Profile Builder.app */;
			productType = "com.apple.product-type.application";
		};
		3F8F218F1CEB759A00B20E29 /* College Profile BuilderTests */ = {
			isa = PBXNativeTarget;
			buildConfigurationList = 3F8F21A71CEB759A00B20E29 /* Build configuration list for PBXNativeTarget "College Profile BuilderTests" */;
			buildPhases = (
				3F8F218C1CEB759A00B20E29 /* Sources */,
				3F8F218D1CEB759A00B20E29 /* Frameworks */,
				3F8F218E1CEB759A00B20E29 /* Resources */,
			);
			buildRules = (
			);
			dependencies = (
				3F8F21921CEB759A00B20E29 /* PBXTargetDependency */,
			);
			name = "College Profile BuilderTests";
			productName = "College Profile BuilderTests";
			productReference = 3F8F21901CEB759A00B20E29 /* College Profile BuilderTests.xctest */;
			productType = "com.apple.product-type.bundle.unit-test";
		};
		3F8F219A1CEB759A00B20E29 /* College Profile BuilderUITests */ = {
			isa = PBXNativeTarget;
			buildConfigurationList = 3F8F21AA1CEB759A00B20E29 /* Build configuration list for PBXNativeTarget "College Profile BuilderUITests" */;
			buildPhases = (
				3F8F21971CEB759A00B20E29 /* Sources */,
				3F8F21981CEB759A00B20E29 /* Frameworks */,
				3F8F21991CEB759A00B20E29 /* Resources */,
			);
			buildRules = (
			);
			dependencies = (
				3F8F219D1CEB759A00B20E29 /* PBXTargetDependency */,
			);
			name = "College Profile BuilderUITests";
			productName = "College Profile BuilderUITests";
			productReference = 3F8F219B1CEB759A00B20E29 /* College Profile BuilderUITests.xctest */;
			productType = "com.apple.product-type.bundle.ui-testing";
		};
/* End PBXNativeTarget section */

/* Begin PBXProject section */
		3F8F21741CEB759A00B20E29 /* Project object */ = {
			isa = PBXProject;
			attributes = {
				LastSwiftUpdateCheck = 0730;
				LastUpgradeCheck = 0730;
				ORGANIZATIONNAME = "Patrick Azar";
				TargetAttributes = {
					3F8F217B1CEB759A00B20E29 = {
						CreatedOnToolsVersion = 7.3.1;
						DevelopmentTeam = D6THREGFFK;
					};
					3F8F218F1CEB759A00B20E29 = {
						CreatedOnToolsVersion = 7.3.1;
						DevelopmentTeam = D6THREGFFK;
						TestTargetID = 3F8F217B1CEB759A00B20E29;
					};
					3F8F219A1CEB759A00B20E29 = {
						CreatedOnToolsVersion = 7.3.1;
						DevelopmentTeam = D6THREGFFK;
						TestTargetID = 3F8F217B1CEB759A00B20E29;
					};
				};
			};
			buildConfigurationList = 3F8F21771CEB759A00B20E29 /* Build configuration list for PBXProject "College Profile Builder" */;
			compatibilityVersion = "Xcode 3.2";
			developmentRegion = English;
			hasScannedForEncodings = 0;
			knownRegions = (
				en,
				Base,
			);
			mainGroup = 3F8F21731CEB759A00B20E29;
			productRefGroup = 3F8F217D1CEB759A00B20E29 /* Products */;
			projectDirPath = "";
			projectRoot = "";
			targets = (
				3F8F217B1CEB759A00B20E29 /* College Profile Builder */,
				3F8F218F1CEB759A00B20E29 /* College Profile BuilderTests */,
				3F8F219A1CEB759A00B20E29 /* College Profile BuilderUITests */,
			);
		};
/* End PBXProject section */

/* Begin PBXResourcesBuildPhase section */
		3F8F217A1CEB759A00B20E29 /* Resources */ = {
			isa = PBXResourcesBuildPhase;
			buildActionMask = 2147483647;
			files = (
				3F8F218A1CEB759A00B20E29 /* LaunchScreen.storyboard in Resources */,
				3F8F21871CEB759A00B20E29 /* Assets.xcassets in Resources */,
				3F8F21851CEB759A00B20E29 /* Main.storyboard in Resources */,
			);
			runOnlyForDeploymentPostprocessing = 0;
		};
		3F8F218E1CEB759A00B20E29 /* Resources */ = {
			isa = PBXResourcesBuildPhase;
			buildActionMask = 2147483647;
			files = (
			);
			runOnlyForDeploymentPostprocessing = 0;
		};
		3F8F21991CEB759A00B20E29 /* Resources */ = {
			isa = PBXResourcesBuildPhase;
			buildActionMask = 2147483647;
			files = (
			);
			runOnlyForDeploymentPostprocessing = 0;
		};
/* End PBXResourcesBuildPhase section */

/* Begin PBXSourcesBuildPhase section */
		3F8F21781CEB759A00B20E29 /* Sources */ = {
			isa = PBXSourcesBuildPhase;
			buildActionMask = 2147483647;
			files = (
				3F8F21821CEB759A00B20E29 /* ViewController.swift in Sources */,
				3F8F21801CEB759A00B20E29 /* AppDelegate.swift in Sources */,
			);
			runOnlyForDeploymentPostprocessing = 0;
		};
		3F8F218C1CEB759A00B20E29 /* Sources */ = {
			isa = PBXSourcesBuildPhase;
			buildActionMask = 2147483647;
			files = (
				3F8F21951CEB759A00B20E29 /* College_Profile_BuilderTests.swift in Sources */,
			);
			runOnlyForDeploymentPostprocessing = 0;
		};
		3F8F21971CEB759A00B20E29 /* Sources */ = {
			isa = PBXSourcesBuildPhase;
			buildActionMask = 2147483647;
			files = (
				3F8F21A01CEB759A00B20E29 /* College_Profile_BuilderUITests.swift in Sources */,
			);
			runOnlyForDeploymentPostprocessing = 0;
		};
/* End PBXSourcesBuildPhase section */

/* Begin PBXTargetDependency section */
		3F8F21921CEB759A00B20E29 /* PBXTargetDependency */ = {
			isa = PBXTargetDependency;
			target = 3F8F217B1CEB759A00B20E29 /* College Profile Builder */;
			targetProxy = 3F8F21911CEB759A00B20E29 /* PBXContainerItemProxy */;
		};
		3F8F219D1CEB759A00B20E29 /* PBXTargetDependency */ = {
			isa = PBXTargetDependency;
			target = 3F8F217B1CEB759A00B20E29 /* College Profile Builder */;
			targetProxy = 3F8F219C1CEB759A00B20E29 /* PBXContainerItemProxy */;
		};
/* End PBXTargetDependency section */

/* Begin PBXVariantGroup section */
		3F8F21831CEB759A00B20E29 /* Main.storyboard */ = {
			isa = PBXVariantGroup;
			children = (
				3F8F21841CEB759A00B20E29 /* Base */,
			);
			name = Main.storyboard;
			sourceTree = "<group>";
		};
		3F8F21881CEB759A00B20E29 /* LaunchScreen.storyboard */ = {
			isa = PBXVariantGroup;
			children = (
				3F8F21891CEB759A00B20E29 /* Base */,
			);
			name = LaunchScreen.storyboard;
			sourceTree = "<group>";
		};
/* End PBXVariantGroup section */

/* Begin XCBuildConfiguration section */
		3F8F21A21CEB759A00B20E29 /* Debug */ = {
			isa = XCBuildConfiguration;
			buildSettings = {
				ALWAYS_SEARCH_USER_PATHS = NO;
				CLANG_ANALYZER_NONNULL = YES;
				CLANG_CXX_LANGUAGE_STANDARD = "gnu++0x";
				CLANG_CXX_LIBRARY = "libc++";
				CLANG_ENABLE_MODULES = YES;
				CLANG_ENABLE_OBJC_ARC = YES;
				CLANG_WARN_BOOL_CONVERSION = YES;
				CLANG_WARN_CONSTANT_CONVERSION = YES;
				CLANG_WARN_DIRECT_OBJC_ISA_USAGE = YES_ERROR;
				CLANG_WARN_EMPTY_BODY = YES;
				CLANG_WARN_ENUM_CONVERSION = YES;
				CLANG_WARN_INT_CONVERSION = YES;
				CLANG_WARN_OBJC_ROOT_CLASS = YES_ERROR;
				CLANG_WARN_UNREACHABLE_CODE = YES;
				CLANG_WARN__DUPLICATE_METHOD_MATCH = YES;
				"CODE_SIGN_IDENTITY[sdk=iphoneos*]" = "iPhone Developer";
				COPY_PHASE_STRIP = NO;
				DEBUG_INFORMATION_FORMAT = dwarf;
				ENABLE_STRICT_OBJC_MSGSEND = YES;
				ENABLE_TESTABILITY = YES;
				GCC_C_LANGUAGE_STANDARD = gnu99;
				GCC_DYNAMIC_NO_PIC = NO;
				GCC_NO_COMMON_BLOCKS = YES;
				GCC_OPTIMIZATION_LEVEL = 0;
				GCC_PREPROCESSOR_DEFINITIONS = (
					"DEBUG=1",
					"$(inherited)",
				);
				GCC_WARN_64_TO_32_BIT_CONVERSION = YES;
				GCC_WARN_ABOUT_RETURN_TYPE = YES_ERROR;
				GCC_WARN_UNDECLARED_SELECTOR = YES;
				GCC_WARN_UNINITIALIZED_AUTOS = YES_AGGRESSIVE;
				GCC_WARN_UNUSED_FUNCTION = YES;
				GCC_WARN_UNUSED_VARIABLE = YES;
				IPHONEOS_DEPLOYMENT_TARGET = 9.3;
				MTL_ENABLE_DEBUG_INFO = YES;
				ONLY_ACTIVE_ARCH = YES;
				SDKROOT = iphoneos;
				SWIFT_OPTIMIZATION_LEVEL = "-Onone";
				TARGETED_DEVICE_FAMILY = "1,2";
			};
			name = Debug;
		};
		3F8F21A31CEB759A00B20E29 /* Release */ = {
			isa = XCBuildConfiguration;
			buildSettings = {
				ALWAYS_SEARCH_USER_PATHS = NO;
				CLANG_ANALYZER_NONNULL = YES;
				CLANG_CXX_LANGUAGE_STANDARD = "gnu++0x";
				CLANG_CXX_LIBRARY = "libc++";
				CLANG_ENABLE_MODULES = YES;
				CLANG_ENABLE_OBJC_ARC = YES;
				CLANG_WARN_BOOL_CONVERSION = YES;
				CLANG_WARN_CONSTANT_CONVERSION = YES;
				CLANG_WARN_DIRECT_OBJC_ISA_USAGE = YES_ERROR;
				CLANG_WARN_EMPTY_BODY = YES;
				CLANG_WARN_ENUM_CONVERSION = YES;
				CLANG_WARN_INT_CONVERSION = YES;
				CLANG_WARN_OBJC_ROOT_CLASS = YES_ERROR;
				CLANG_WARN_UNREACHABLE_CODE = YES;
				CLANG_WARN__DUPLICATE_METHOD_MATCH = YES;
				"CODE_SIGN_IDENTITY[sdk=iphoneos*]" = "iPhone Developer";
				COPY_PHASE_STRIP = NO;
				DEBUG_INFORMATION_FORMAT = "dwarf-with-dsym";
				ENABLE_NS_ASSERTIONS = NO;
				ENABLE_STRICT_OBJC_MSGSEND = YES;
				GCC_C_LANGUAGE_STANDARD = gnu99;
				GCC_NO_COMMON_BLOCKS = YES;
				GCC_WARN_64_TO_32_BIT_CONVERSION = YES;
				GCC_WARN_ABOUT_RETURN_TYPE = YES_ERROR;
				GCC_WARN_UNDECLARED_SELECTOR = YES;
				GCC_WARN_UNINITIALIZED_AUTOS = YES_AGGRESSIVE;
				GCC_WARN_UNUSED_FUNCTION = YES;
				GCC_WARN_UNUSED_VARIABLE = YES;
				IPHONEOS_DEPLOYMENT_TARGET = 9.3;
				MTL_ENABLE_DEBUG_INFO = NO;
				SDKROOT = iphoneos;
				TARGETED_DEVICE_FAMILY = "1,2";
				VALIDATE_PRODUCT = YES;
			};
			name = Release;
		};
		3F8F21A51CEB759A00B20E29 /* Debug */ = {
			isa = XCBuildConfiguration;
			buildSettings = {
				ASSETCATALOG_COMPILER_APPICON_NAME = AppIcon;
				INFOPLIST_FILE = "College Profile Builder/Info.plist";
				LD_RUNPATH_SEARCH_PATHS = "$(inherited) @executable_path/Frameworks";
				PRODUCT_BUNDLE_IDENTIFIER = "pazar.College-Profile-Builder";
				PRODUCT_NAME = "$(TARGET_NAME)";
			};
			name = Debug;
		};
		3F8F21A61CEB759A00B20E29 /* Release */ = {
			isa = XCBuildConfiguration;
			buildSettings = {
				ASSETCATALOG_COMPILER_APPICON_NAME = AppIcon;
				INFOPLIST_FILE = "College Profile Builder/Info.plist";
				LD_RUNPATH_SEARCH_PATHS = "$(inherited) @executable_path/Frameworks";
				PRODUCT_BUNDLE_IDENTIFIER = "pazar.College-Profile-Builder";
				PRODUCT_NAME = "$(TARGET_NAME)";
			};
			name = Release;
		};
		3F8F21A81CEB759A00B20E29 /* Debug */ = {
			isa = XCBuildConfiguration;
			buildSettings = {
				BUNDLE_LOADER = "$(TEST_HOST)";
				INFOPLIST_FILE = "College Profile BuilderTests/Info.plist";
				LD_RUNPATH_SEARCH_PATHS = "$(inherited) @executable_path/Frameworks @loader_path/Frameworks";
				PRODUCT_BUNDLE_IDENTIFIER = "pazar.College-Profile-BuilderTests";
				PRODUCT_NAME = "$(TARGET_NAME)";
				TEST_HOST = "$(BUILT_PRODUCTS_DIR)/College Profile Builder.app/College Profile Builder";
			};
			name = Debug;
		};
		3F8F21A91CEB759A00B20E29 /* Release */ = {
			isa = XCBuildConfiguration;
			buildSettings = {
				BUNDLE_LOADER = "$(TEST_HOST)";
				INFOPLIST_FILE = "College Profile BuilderTests/Info.plist";
				LD_RUNPATH_SEARCH_PATHS = "$(inherited) @executable_path/Frameworks @loader_path/Frameworks";
				PRODUCT_BUNDLE_IDENTIFIER = "pazar.College-Profile-BuilderTests";
				PRODUCT_NAME = "$(TARGET_NAME)";
				TEST_HOST = "$(BUILT_PRODUCTS_DIR)/College Profile Builder.app/College Profile Builder";
			};
			name = Release;
		};
		3F8F21AB1CEB759A00B20E29 /* Debug */ = {
			isa = XCBuildConfiguration;
			buildSettings = {
				INFOPLIST_FILE = "College Profile BuilderUITests/Info.plist";
				LD_RUNPATH_SEARCH_PATHS = "$(inherited) @executable_path/Frameworks @loader_path/Frameworks";
				PRODUCT_BUNDLE_IDENTIFIER = "pazar.College-Profile-BuilderUITests";
				PRODUCT_NAME = "$(TARGET_NAME)";
				TEST_TARGET_NAME = "College Profile Builder";
			};
			name = Debug;
		};
		3F8F21AC1CEB759A00B20E29 /* Release */ = {
			isa = XCBuildConfiguration;
			buildSettings = {
				INFOPLIST_FILE = "College Profile BuilderUITests/Info.plist";
				LD_RUNPATH_SEARCH_PATHS = "$(inherited) @executable_path/Frameworks @loader_path/Frameworks";
				PRODUCT_BUNDLE_IDENTIFIER = "pazar.College-Profile-BuilderUITests";
				PRODUCT_NAME = "$(TARGET_NAME)";
				TEST_TARGET_NAME = "College Profile Builder";
			};
			name = Release;
		};
/* End XCBuildConfiguration section */

/* Begin XCConfigurationList section */
		3F8F21771CEB759A00B20E29 /* Build configuration list for PBXProject "College Profile Builder" */ = {
			isa = XCConfigurationList;
			buildConfigurations = (
				3F8F21A21CEB759A00B20E29 /* Debug */,
				3F8F21A31CEB759A00B20E29 /* Release */,
			);
			defaultConfigurationIsVisible = 0;
			defaultConfigurationName = Release;
		};
		3F8F21A41CEB759A00B20E29 /* Build configuration list for PBXNativeTarget "College Profile Builder" */ = {
			isa = XCConfigurationList;
			buildConfigurations = (
				3F8F21A51CEB759A00B20E29 /* Debug */,
				3F8F21A61CEB759A00B20E29 /* Release */,
			);
			defaultConfigurationIsVisible = 0;
		};
		3F8F21A71CEB759A00B20E29 /* Build configuration list for PBXNativeTarget "College Profile BuilderTests" */ = {
			isa = XCConfigurationList;
			buildConfigurations = (
				3F8F21A81CEB759A00B20E29 /* Debug */,
				3F8F21A91CEB759A00B20E29 /* Release */,
			);
			defaultConfigurationIsVisible = 0;
		};
		3F8F21AA1CEB759A00B20E29 /* Build configuration list for PBXNativeTarget "College Profile BuilderUITests" */ = {
			isa = XCConfigurationList;
			buildConfigurations = (
				3F8F21AB1CEB759A00B20E29 /* Debug */,
				3F8F21AC1CEB759A00B20E29 /* Release */,
			);
			defaultConfigurationIsVisible = 0;
		};
/* End XCConfigurationList section */
	};
	rootObject = 3F8F21741CEB759A00B20E29 /* Project object */;
}
